// !$*UTF8*$!
{
	archiveVersion = 1;
	classes = {
	};
	objectVersion = 56;
	objects = {

/* Begin PBXBuildFile section */
		B003CBF22C6D48A4007717F6 /* MKCoordinateRegion.swift in Sources */ = {isa = PBXBuildFile; fileRef = B003CBF12C6D48A3007717F6 /* MKCoordinateRegion.swift */; };
		B010DE1A2C49993F000736B3 /* Localizable.xcstrings in Resources */ = {isa = PBXBuildFile; fileRef = B010DE192C49993F000736B3 /* Localizable.xcstrings */; };
		B010DE1C2C49A884000736B3 /* BannerViewController.swift in Sources */ = {isa = PBXBuildFile; fileRef = B010DE1B2C49A884000736B3 /* BannerViewController.swift */; };
		B010DE202C49ADA8000736B3 /* BannerView.swift in Sources */ = {isa = PBXBuildFile; fileRef = B010DE1F2C49ADA8000736B3 /* BannerView.swift */; };
		B02B8E4E2A7ED45C007E783E /* FavoriteStore.swift in Sources */ = {isa = PBXBuildFile; fileRef = B02B8E4D2A7ED45C007E783E /* FavoriteStore.swift */; };
		B02C30A22C60DF77001098B7 /* GoogleMobileAds in Frameworks */ = {isa = PBXBuildFile; productRef = B02C30A12C60DF77001098B7 /* GoogleMobileAds */; };
		B04311C72C6CCC33007FA564 /* MarkerView.swift in Sources */ = {isa = PBXBuildFile; fileRef = B04311C62C6CCC33007FA564 /* MarkerView.swift */; };
		B044C9722C615D2B007846BF /* TPInAppReceipt in Frameworks */ = {isa = PBXBuildFile; productRef = B044C9712C615D2B007846BF /* TPInAppReceipt */; };
		B07C26C82A7EE38F006139AA /* SearchableView.swift in Sources */ = {isa = PBXBuildFile; fileRef = B07C26C72A7EE38F006139AA /* SearchableView.swift */; };
		B08428BF2C6103E900EF23ED /* StoreKit.framework in Frameworks */ = {isa = PBXBuildFile; fileRef = B08428BE2C6103E900EF23ED /* StoreKit.framework */; };
		B08428C12C61040F00EF23ED /* StoreManager.swift in Sources */ = {isa = PBXBuildFile; fileRef = B08428C02C61040F00EF23ED /* StoreManager.swift */; };
		B08428C32C61051400EF23ED /* SubscriptionView.swift in Sources */ = {isa = PBXBuildFile; fileRef = B08428C22C61051400EF23ED /* SubscriptionView.swift */; };
		B08FBAA32A97534E0003D203 /* Dataloader.swift in Sources */ = {isa = PBXBuildFile; fileRef = B08FBAA22A97534E0003D203 /* Dataloader.swift */; };
		B093F13C2C6A181400128194 /* Double.swift in Sources */ = {isa = PBXBuildFile; fileRef = B093F13B2C6A181400128194 /* Double.swift */; };
		B093F13E2C6A2DBD00128194 /* SearchResultItem.swift in Sources */ = {isa = PBXBuildFile; fileRef = B093F13D2C6A2DBD00128194 /* SearchResultItem.swift */; };
		B093F1402C6A9D2D00128194 /* MapView.swift in Sources */ = {isa = PBXBuildFile; fileRef = B093F13F2C6A9D2D00128194 /* MapView.swift */; };
		B0B6A62F2C6538590006FD33 /* RoadList.swift in Sources */ = {isa = PBXBuildFile; fileRef = B0B6A62E2C6538590006FD33 /* RoadList.swift */; };
		B0B6A6312C653DE00006FD33 /* PlusTeaser.swift in Sources */ = {isa = PBXBuildFile; fileRef = B0B6A6302C653DE00006FD33 /* PlusTeaser.swift */; };
		B0C85D072A7A4FF1004EC4B8 /* App.swift in Sources */ = {isa = PBXBuildFile; fileRef = B0C85D062A7A4FF1004EC4B8 /* App.swift */; };
		B0C85D092A7A4FF1004EC4B8 /* TrafficLightView.swift in Sources */ = {isa = PBXBuildFile; fileRef = B0C85D082A7A4FF1004EC4B8 /* TrafficLightView.swift */; };
		B0C85D0B2A7A4FF2004EC4B8 /* Assets.xcassets in Resources */ = {isa = PBXBuildFile; fileRef = B0C85D0A2A7A4FF2004EC4B8 /* Assets.xcassets */; };
		B0C85D0E2A7A4FF2004EC4B8 /* Preview Assets.xcassets in Resources */ = {isa = PBXBuildFile; fileRef = B0C85D0D2A7A4FF2004EC4B8 /* Preview Assets.xcassets */; };
		B0C85D312A7A65CD004EC4B8 /* MessageTableView.swift in Sources */ = {isa = PBXBuildFile; fileRef = B0C85D302A7A65CD004EC4B8 /* MessageTableView.swift */; };
		B0C85D332A7A6D07004EC4B8 /* StatusMessageView.swift in Sources */ = {isa = PBXBuildFile; fileRef = B0C85D322A7A6D07004EC4B8 /* StatusMessageView.swift */; };
		B0C85D352A7A6F6F004EC4B8 /* RoadView.swift in Sources */ = {isa = PBXBuildFile; fileRef = B0C85D342A7A6F6F004EC4B8 /* RoadView.swift */; };
		B0DC68992C68A7B600213C08 /* LocationManager.swift in Sources */ = {isa = PBXBuildFile; fileRef = B0DC68982C68A7B600213C08 /* LocationManager.swift */; };
/* End PBXBuildFile section */

/* Begin PBXCopyFilesBuildPhase section */
		B010DE132C486895000736B3 /* Embed Foundation Extensions */ = {
			isa = PBXCopyFilesBuildPhase;
			buildActionMask = 2147483647;
			dstPath = "";
			dstSubfolderSpec = 13;
			files = (
			);
			name = "Embed Foundation Extensions";
			runOnlyForDeploymentPostprocessing = 0;
		};
/* End PBXCopyFilesBuildPhase section */

/* Begin PBXFileReference section */
		B003CBF12C6D48A3007717F6 /* MKCoordinateRegion.swift */ = {isa = PBXFileReference; lastKnownFileType = sourcecode.swift; path = MKCoordinateRegion.swift; sourceTree = "<group>"; };
		B0091CF42C49B1B100AAB060 /* swift-package-manager-google-mobile-ads */ = {isa = PBXFileReference; lastKnownFileType = wrapper; name = "swift-package-manager-google-mobile-ads"; path = "/Users/olekenneth/Library/Developer/Xcode/DerivedData/Stengt_Tunnel-duwtnpagzamklmfczdefsimwbqpq/SourcePackages/checkouts/swift-package-manager-google-mobile-ads"; sourceTree = "<absolute>"; };
		B010DE032C486893000736B3 /* SwiftUI.framework */ = {isa = PBXFileReference; lastKnownFileType = wrapper.framework; name = SwiftUI.framework; path = System/Library/Frameworks/SwiftUI.framework; sourceTree = SDKROOT; };
		B010DE192C49993F000736B3 /* Localizable.xcstrings */ = {isa = PBXFileReference; lastKnownFileType = text.json.xcstrings; path = Localizable.xcstrings; sourceTree = "<group>"; };
		B010DE1B2C49A884000736B3 /* BannerViewController.swift */ = {isa = PBXFileReference; lastKnownFileType = sourcecode.swift; path = BannerViewController.swift; sourceTree = "<group>"; };
		B010DE1E2C49AA28000736B3 /* Stengt-tunnel-Info.plist */ = {isa = PBXFileReference; lastKnownFileType = text.plist.xml; path = "Stengt-tunnel-Info.plist"; sourceTree = SOURCE_ROOT; };
		B010DE1F2C49ADA8000736B3 /* BannerView.swift */ = {isa = PBXFileReference; lastKnownFileType = sourcecode.swift; path = BannerView.swift; sourceTree = "<group>"; };
		B02B8E4D2A7ED45C007E783E /* FavoriteStore.swift */ = {isa = PBXFileReference; lastKnownFileType = sourcecode.swift; path = FavoriteStore.swift; sourceTree = "<group>"; };
		B04311C62C6CCC33007FA564 /* MarkerView.swift */ = {isa = PBXFileReference; lastKnownFileType = sourcecode.swift; path = MarkerView.swift; sourceTree = "<group>"; };
		B07C26C72A7EE38F006139AA /* SearchableView.swift */ = {isa = PBXFileReference; lastKnownFileType = sourcecode.swift; path = SearchableView.swift; sourceTree = "<group>"; };
		B08428BE2C6103E900EF23ED /* StoreKit.framework */ = {isa = PBXFileReference; lastKnownFileType = wrapper.framework; name = StoreKit.framework; path = System/Library/Frameworks/StoreKit.framework; sourceTree = SDKROOT; };
		B08428C02C61040F00EF23ED /* StoreManager.swift */ = {isa = PBXFileReference; lastKnownFileType = sourcecode.swift; path = StoreManager.swift; sourceTree = "<group>"; };
		B08428C22C61051400EF23ED /* SubscriptionView.swift */ = {isa = PBXFileReference; lastKnownFileType = sourcecode.swift; path = SubscriptionView.swift; sourceTree = "<group>"; };
		B08FBAA22A97534E0003D203 /* Dataloader.swift */ = {isa = PBXFileReference; lastKnownFileType = sourcecode.swift; path = Dataloader.swift; sourceTree = "<group>"; };
		B093F13B2C6A181400128194 /* Double.swift */ = {isa = PBXFileReference; lastKnownFileType = sourcecode.swift; path = Double.swift; sourceTree = "<group>"; };
		B093F13D2C6A2DBD00128194 /* SearchResultItem.swift */ = {isa = PBXFileReference; lastKnownFileType = sourcecode.swift; path = SearchResultItem.swift; sourceTree = "<group>"; };
		B093F13F2C6A9D2D00128194 /* MapView.swift */ = {isa = PBXFileReference; lastKnownFileType = sourcecode.swift; path = MapView.swift; sourceTree = "<group>"; };
		B0B6A62E2C6538590006FD33 /* RoadList.swift */ = {isa = PBXFileReference; lastKnownFileType = sourcecode.swift; path = RoadList.swift; sourceTree = "<group>"; };
		B0B6A6302C653DE00006FD33 /* PlusTeaser.swift */ = {isa = PBXFileReference; lastKnownFileType = sourcecode.swift; path = PlusTeaser.swift; sourceTree = "<group>"; };
		B0C85D032A7A4FF1004EC4B8 /* Stengt tunnel.app */ = {isa = PBXFileReference; explicitFileType = wrapper.application; includeInIndex = 0; path = "Stengt tunnel.app"; sourceTree = BUILT_PRODUCTS_DIR; };
		B0C85D062A7A4FF1004EC4B8 /* App.swift */ = {isa = PBXFileReference; lastKnownFileType = sourcecode.swift; path = App.swift; sourceTree = "<group>"; };
		B0C85D082A7A4FF1004EC4B8 /* TrafficLightView.swift */ = {isa = PBXFileReference; lastKnownFileType = sourcecode.swift; path = TrafficLightView.swift; sourceTree = "<group>"; };
		B0C85D0A2A7A4FF2004EC4B8 /* Assets.xcassets */ = {isa = PBXFileReference; lastKnownFileType = folder.assetcatalog; path = Assets.xcassets; sourceTree = "<group>"; };
		B0C85D0D2A7A4FF2004EC4B8 /* Preview Assets.xcassets */ = {isa = PBXFileReference; lastKnownFileType = folder.assetcatalog; path = "Preview Assets.xcassets"; sourceTree = "<group>"; };
		B0C85D302A7A65CD004EC4B8 /* MessageTableView.swift */ = {isa = PBXFileReference; lastKnownFileType = sourcecode.swift; path = MessageTableView.swift; sourceTree = "<group>"; };
		B0C85D322A7A6D07004EC4B8 /* StatusMessageView.swift */ = {isa = PBXFileReference; lastKnownFileType = sourcecode.swift; path = StatusMessageView.swift; sourceTree = "<group>"; };
		B0C85D342A7A6F6F004EC4B8 /* RoadView.swift */ = {isa = PBXFileReference; lastKnownFileType = sourcecode.swift; path = RoadView.swift; sourceTree = "<group>"; };
		B0DC68982C68A7B600213C08 /* LocationManager.swift */ = {isa = PBXFileReference; lastKnownFileType = sourcecode.swift; path = LocationManager.swift; sourceTree = "<group>"; };
/* End PBXFileReference section */

/* Begin PBXFrameworksBuildPhase section */
		B0C85D002A7A4FF1004EC4B8 /* Frameworks */ = {
			isa = PBXFrameworksBuildPhase;
			buildActionMask = 2147483647;
			files = (
				B02C30A22C60DF77001098B7 /* GoogleMobileAds in Frameworks */,
				B08428BF2C6103E900EF23ED /* StoreKit.framework in Frameworks */,
				B044C9722C615D2B007846BF /* TPInAppReceipt in Frameworks */,
			);
			runOnlyForDeploymentPostprocessing = 0;
		};
/* End PBXFrameworksBuildPhase section */

/* Begin PBXGroup section */
		B010DE002C486892000736B3 /* Frameworks */ = {
			isa = PBXGroup;
			children = (
				B08428BE2C6103E900EF23ED /* StoreKit.framework */,
				B0091CF42C49B1B100AAB060 /* swift-package-manager-google-mobile-ads */,
				B010DE032C486893000736B3 /* SwiftUI.framework */,
			);
			name = Frameworks;
			sourceTree = "<group>";
		};
		B04311C52C6CCC16007FA564 /* Map */ = {
			isa = PBXGroup;
			children = (
				B093F13F2C6A9D2D00128194 /* MapView.swift */,
				B04311C62C6CCC33007FA564 /* MarkerView.swift */,
			);
			path = Map;
			sourceTree = "<group>";
		};
		B08FBAAA2A9897020003D203 /* Translations */ = {
			isa = PBXGroup;
			children = (
				B010DE192C49993F000736B3 /* Localizable.xcstrings */,
			);
			path = Translations;
			sourceTree = "<group>";
		};
		B0C4908B2AC6C277006145A6 /* Extensions */ = {
			isa = PBXGroup;
			children = (
				B07C26C72A7EE38F006139AA /* SearchableView.swift */,
				B010DE1B2C49A884000736B3 /* BannerViewController.swift */,
				B093F13B2C6A181400128194 /* Double.swift */,
				B003CBF12C6D48A3007717F6 /* MKCoordinateRegion.swift */,
			);
			path = Extensions;
			sourceTree = "<group>";
		};
		B0C85CFA2A7A4FF1004EC4B8 = {
			isa = PBXGroup;
			children = (
				B0C85D052A7A4FF1004EC4B8 /* stengttunnel */,
				B010DE002C486892000736B3 /* Frameworks */,
				B0C85D042A7A4FF1004EC4B8 /* Products */,
			);
			sourceTree = "<group>";
		};
		B0C85D042A7A4FF1004EC4B8 /* Products */ = {
			isa = PBXGroup;
			children = (
				B0C85D032A7A4FF1004EC4B8 /* Stengt tunnel.app */,
			);
			name = Products;
			sourceTree = "<group>";
		};
		B0C85D052A7A4FF1004EC4B8 /* stengttunnel */ = {
			isa = PBXGroup;
			children = (
				B010DE1E2C49AA28000736B3 /* Stengt-tunnel-Info.plist */,
				B0C85D062A7A4FF1004EC4B8 /* App.swift */,
				B0B6A62E2C6538590006FD33 /* RoadList.swift */,
				B04311C52C6CCC16007FA564 /* Map */,
				B02B8E4D2A7ED45C007E783E /* FavoriteStore.swift */,
				B0C85D082A7A4FF1004EC4B8 /* TrafficLightView.swift */,
				B0C85D322A7A6D07004EC4B8 /* StatusMessageView.swift */,
				B0C85D302A7A65CD004EC4B8 /* MessageTableView.swift */,
				B0B6A6302C653DE00006FD33 /* PlusTeaser.swift */,
				B0C85D342A7A6F6F004EC4B8 /* RoadView.swift */,
				B08FBAA22A97534E0003D203 /* Dataloader.swift */,
				B010DE1F2C49ADA8000736B3 /* BannerView.swift */,
				B08428C22C61051400EF23ED /* SubscriptionView.swift */,
				B093F13D2C6A2DBD00128194 /* SearchResultItem.swift */,
				B0DC68982C68A7B600213C08 /* LocationManager.swift */,
				B08428C02C61040F00EF23ED /* StoreManager.swift */,
				B0C4908B2AC6C277006145A6 /* Extensions */,
				B0C85D0A2A7A4FF2004EC4B8 /* Assets.xcassets */,
				B08FBAAA2A9897020003D203 /* Translations */,
				B0C85D0C2A7A4FF2004EC4B8 /* Preview Content */,
			);
			path = stengttunnel;
			sourceTree = "<group>";
		};
		B0C85D0C2A7A4FF2004EC4B8 /* Preview Content */ = {
			isa = PBXGroup;
			children = (
				B0C85D0D2A7A4FF2004EC4B8 /* Preview Assets.xcassets */,
			);
			path = "Preview Content";
			sourceTree = "<group>";
		};
/* End PBXGroup section */

/* Begin PBXNativeTarget section */
		B0C85D022A7A4FF1004EC4B8 /* Stengt tunnel */ = {
			isa = PBXNativeTarget;
			buildConfigurationList = B0C85D272A7A4FF3004EC4B8 /* Build configuration list for PBXNativeTarget "Stengt tunnel" */;
			buildPhases = (
				B0C85CFF2A7A4FF1004EC4B8 /* Sources */,
				B0C85D002A7A4FF1004EC4B8 /* Frameworks */,
				B0C85D012A7A4FF1004EC4B8 /* Resources */,
				B010DE132C486895000736B3 /* Embed Foundation Extensions */,
			);
			buildRules = (
			);
			dependencies = (
			);
			name = "Stengt tunnel";
			packageProductDependencies = (
				B02C30A12C60DF77001098B7 /* GoogleMobileAds */,
				B044C9712C615D2B007846BF /* TPInAppReceipt */,
			);
			productName = "Stengt Tunnel";
			productReference = B0C85D032A7A4FF1004EC4B8 /* Stengt tunnel.app */;
			productType = "com.apple.product-type.application";
		};
/* End PBXNativeTarget section */

/* Begin PBXProject section */
		B0C85CFB2A7A4FF1004EC4B8 /* Project object */ = {
			isa = PBXProject;
			attributes = {
				BuildIndependentTargetsInParallel = 1;
				LastSwiftUpdateCheck = 1540;
				LastUpgradeCheck = 1540;
				TargetAttributes = {
					B0C85D022A7A4FF1004EC4B8 = {
						CreatedOnToolsVersion = 14.3.1;
					};
				};
			};
			buildConfigurationList = B0C85CFE2A7A4FF1004EC4B8 /* Build configuration list for PBXProject "Stengttunnel" */;
			compatibilityVersion = "Xcode 14.0";
			developmentRegion = en;
			hasScannedForEncodings = 0;
			knownRegions = (
				en,
				Base,
				nb,
			);
			mainGroup = B0C85CFA2A7A4FF1004EC4B8;
			packageReferences = (
				B02C30A02C60DF77001098B7 /* XCRemoteSwiftPackageReference "swift-package-manager-google-mobile-ads" */,
				B044C9702C615D2B007846BF /* XCRemoteSwiftPackageReference "TPInAppReceipt" */,
			);
			productRefGroup = B0C85D042A7A4FF1004EC4B8 /* Products */;
			projectDirPath = "";
			projectRoot = "";
			targets = (
				B0C85D022A7A4FF1004EC4B8 /* Stengt tunnel */,
			);
		};
/* End PBXProject section */

/* Begin PBXResourcesBuildPhase section */
		B0C85D012A7A4FF1004EC4B8 /* Resources */ = {
			isa = PBXResourcesBuildPhase;
			buildActionMask = 2147483647;
			files = (
				B0C85D0E2A7A4FF2004EC4B8 /* Preview Assets.xcassets in Resources */,
				B010DE1A2C49993F000736B3 /* Localizable.xcstrings in Resources */,
				B0C85D0B2A7A4FF2004EC4B8 /* Assets.xcassets in Resources */,
			);
			runOnlyForDeploymentPostprocessing = 0;
		};
/* End PBXResourcesBuildPhase section */

/* Begin PBXSourcesBuildPhase section */
		B0C85CFF2A7A4FF1004EC4B8 /* Sources */ = {
			isa = PBXSourcesBuildPhase;
			buildActionMask = 2147483647;
			files = (
				B010DE202C49ADA8000736B3 /* BannerView.swift in Sources */,
				B07C26C82A7EE38F006139AA /* SearchableView.swift in Sources */,
				B093F13C2C6A181400128194 /* Double.swift in Sources */,
				B0DC68992C68A7B600213C08 /* LocationManager.swift in Sources */,
				B0C85D312A7A65CD004EC4B8 /* MessageTableView.swift in Sources */,
				B04311C72C6CCC33007FA564 /* MarkerView.swift in Sources */,
				B08428C12C61040F00EF23ED /* StoreManager.swift in Sources */,
				B003CBF22C6D48A4007717F6 /* MKCoordinateRegion.swift in Sources */,
				B0C85D092A7A4FF1004EC4B8 /* TrafficLightView.swift in Sources */,
				B093F1402C6A9D2D00128194 /* MapView.swift in Sources */,
				B08428C32C61051400EF23ED /* SubscriptionView.swift in Sources */,
				B0C85D072A7A4FF1004EC4B8 /* App.swift in Sources */,
				B08FBAA32A97534E0003D203 /* Dataloader.swift in Sources */,
				B093F13E2C6A2DBD00128194 /* SearchResultItem.swift in Sources */,
				B02B8E4E2A7ED45C007E783E /* FavoriteStore.swift in Sources */,
				B0B6A62F2C6538590006FD33 /* RoadList.swift in Sources */,
				B0C85D352A7A6F6F004EC4B8 /* RoadView.swift in Sources */,
				B0B6A6312C653DE00006FD33 /* PlusTeaser.swift in Sources */,
				B010DE1C2C49A884000736B3 /* BannerViewController.swift in Sources */,
				B0C85D332A7A6D07004EC4B8 /* StatusMessageView.swift in Sources */,
			);
			runOnlyForDeploymentPostprocessing = 0;
		};
/* End PBXSourcesBuildPhase section */

/* Begin XCBuildConfiguration section */
		B0C85D252A7A4FF3004EC4B8 /* Debug */ = {
			isa = XCBuildConfiguration;
			buildSettings = {
				ALWAYS_SEARCH_USER_PATHS = NO;
				ASSETCATALOG_COMPILER_GENERATE_SWIFT_ASSET_SYMBOL_EXTENSIONS = YES;
				CLANG_ANALYZER_LOCALIZABILITY_NONLOCALIZED = YES;
				CLANG_ANALYZER_NONNULL = YES;
				CLANG_ANALYZER_NUMBER_OBJECT_CONVERSION = YES_AGGRESSIVE;
				CLANG_CXX_LANGUAGE_STANDARD = "gnu++20";
				CLANG_ENABLE_MODULES = YES;
				CLANG_ENABLE_OBJC_ARC = YES;
				CLANG_ENABLE_OBJC_WEAK = YES;
				CLANG_WARN_BLOCK_CAPTURE_AUTORELEASING = YES;
				CLANG_WARN_BOOL_CONVERSION = YES;
				CLANG_WARN_COMMA = YES;
				CLANG_WARN_CONSTANT_CONVERSION = YES;
				CLANG_WARN_DEPRECATED_OBJC_IMPLEMENTATIONS = YES;
				CLANG_WARN_DIRECT_OBJC_ISA_USAGE = YES_ERROR;
				CLANG_WARN_DOCUMENTATION_COMMENTS = YES;
				CLANG_WARN_EMPTY_BODY = YES;
				CLANG_WARN_ENUM_CONVERSION = YES;
				CLANG_WARN_INFINITE_RECURSION = YES;
				CLANG_WARN_INT_CONVERSION = YES;
				CLANG_WARN_NON_LITERAL_NULL_CONVERSION = YES;
				CLANG_WARN_OBJC_IMPLICIT_RETAIN_SELF = YES;
				CLANG_WARN_OBJC_LITERAL_CONVERSION = YES;
				CLANG_WARN_OBJC_ROOT_CLASS = YES_ERROR;
				CLANG_WARN_QUOTED_INCLUDE_IN_FRAMEWORK_HEADER = YES;
				CLANG_WARN_RANGE_LOOP_ANALYSIS = YES;
				CLANG_WARN_STRICT_PROTOTYPES = YES;
				CLANG_WARN_SUSPICIOUS_MOVE = YES;
				CLANG_WARN_UNGUARDED_AVAILABILITY = YES_AGGRESSIVE;
				CLANG_WARN_UNREACHABLE_CODE = YES;
				CLANG_WARN__DUPLICATE_METHOD_MATCH = YES;
				COPY_PHASE_STRIP = NO;
				DEBUG_INFORMATION_FORMAT = dwarf;
				ENABLE_STRICT_OBJC_MSGSEND = YES;
				ENABLE_TESTABILITY = YES;
				ENABLE_USER_SCRIPT_SANDBOXING = YES;
				GCC_C_LANGUAGE_STANDARD = gnu11;
				GCC_DYNAMIC_NO_PIC = NO;
				GCC_NO_COMMON_BLOCKS = YES;
				GCC_OPTIMIZATION_LEVEL = 0;
				GCC_PREPROCESSOR_DEFINITIONS = (
					"DEBUG=1",
					"$(inherited)",
				);
				GCC_WARN_64_TO_32_BIT_CONVERSION = YES;
				GCC_WARN_ABOUT_RETURN_TYPE = YES_ERROR;
				GCC_WARN_UNDECLARED_SELECTOR = YES;
				GCC_WARN_UNINITIALIZED_AUTOS = YES_AGGRESSIVE;
				GCC_WARN_UNUSED_FUNCTION = YES;
				GCC_WARN_UNUSED_VARIABLE = YES;
				IPHONEOS_DEPLOYMENT_TARGET = 17.0;
				LOCALIZATION_PREFERS_STRING_CATALOGS = YES;
				MTL_ENABLE_DEBUG_INFO = INCLUDE_SOURCE;
				MTL_FAST_MATH = YES;
				ONLY_ACTIVE_ARCH = YES;
				SDKROOT = iphoneos;
				SWIFT_ACTIVE_COMPILATION_CONDITIONS = DEBUG;
				SWIFT_OPTIMIZATION_LEVEL = "-Onone";
			};
			name = Debug;
		};
		B0C85D262A7A4FF3004EC4B8 /* Release */ = {
			isa = XCBuildConfiguration;
			buildSettings = {
				ALWAYS_SEARCH_USER_PATHS = NO;
				ASSETCATALOG_COMPILER_GENERATE_SWIFT_ASSET_SYMBOL_EXTENSIONS = YES;
				CLANG_ANALYZER_LOCALIZABILITY_NONLOCALIZED = YES;
				CLANG_ANALYZER_NONNULL = YES;
				CLANG_ANALYZER_NUMBER_OBJECT_CONVERSION = YES_AGGRESSIVE;
				CLANG_CXX_LANGUAGE_STANDARD = "gnu++20";
				CLANG_ENABLE_MODULES = YES;
				CLANG_ENABLE_OBJC_ARC = YES;
				CLANG_ENABLE_OBJC_WEAK = YES;
				CLANG_WARN_BLOCK_CAPTURE_AUTORELEASING = YES;
				CLANG_WARN_BOOL_CONVERSION = YES;
				CLANG_WARN_COMMA = YES;
				CLANG_WARN_CONSTANT_CONVERSION = YES;
				CLANG_WARN_DEPRECATED_OBJC_IMPLEMENTATIONS = YES;
				CLANG_WARN_DIRECT_OBJC_ISA_USAGE = YES_ERROR;
				CLANG_WARN_DOCUMENTATION_COMMENTS = YES;
				CLANG_WARN_EMPTY_BODY = YES;
				CLANG_WARN_ENUM_CONVERSION = YES;
				CLANG_WARN_INFINITE_RECURSION = YES;
				CLANG_WARN_INT_CONVERSION = YES;
				CLANG_WARN_NON_LITERAL_NULL_CONVERSION = YES;
				CLANG_WARN_OBJC_IMPLICIT_RETAIN_SELF = YES;
				CLANG_WARN_OBJC_LITERAL_CONVERSION = YES;
				CLANG_WARN_OBJC_ROOT_CLASS = YES_ERROR;
				CLANG_WARN_QUOTED_INCLUDE_IN_FRAMEWORK_HEADER = YES;
				CLANG_WARN_RANGE_LOOP_ANALYSIS = YES;
				CLANG_WARN_STRICT_PROTOTYPES = YES;
				CLANG_WARN_SUSPICIOUS_MOVE = YES;
				CLANG_WARN_UNGUARDED_AVAILABILITY = YES_AGGRESSIVE;
				CLANG_WARN_UNREACHABLE_CODE = YES;
				CLANG_WARN__DUPLICATE_METHOD_MATCH = YES;
				COPY_PHASE_STRIP = NO;
				DEBUG_INFORMATION_FORMAT = "dwarf-with-dsym";
				ENABLE_NS_ASSERTIONS = NO;
				ENABLE_STRICT_OBJC_MSGSEND = YES;
				ENABLE_USER_SCRIPT_SANDBOXING = YES;
				GCC_C_LANGUAGE_STANDARD = gnu11;
				GCC_NO_COMMON_BLOCKS = YES;
				GCC_WARN_64_TO_32_BIT_CONVERSION = YES;
				GCC_WARN_ABOUT_RETURN_TYPE = YES_ERROR;
				GCC_WARN_UNDECLARED_SELECTOR = YES;
				GCC_WARN_UNINITIALIZED_AUTOS = YES_AGGRESSIVE;
				GCC_WARN_UNUSED_FUNCTION = YES;
				GCC_WARN_UNUSED_VARIABLE = YES;
				IPHONEOS_DEPLOYMENT_TARGET = 17.0;
				LOCALIZATION_PREFERS_STRING_CATALOGS = YES;
				MTL_ENABLE_DEBUG_INFO = NO;
				MTL_FAST_MATH = YES;
				SDKROOT = iphoneos;
				SWIFT_COMPILATION_MODE = wholemodule;
				SWIFT_OPTIMIZATION_LEVEL = "-O";
				VALIDATE_PRODUCT = YES;
			};
			name = Release;
		};
		B0C85D282A7A4FF3004EC4B8 /* Debug */ = {
			isa = XCBuildConfiguration;
			buildSettings = {
				ALWAYS_EMBED_SWIFT_STANDARD_LIBRARIES = YES;
				ASSETCATALOG_COMPILER_APPICON_NAME = AppIcon;
				ASSETCATALOG_COMPILER_GLOBAL_ACCENT_COLOR_NAME = AccentColor;
				CODE_SIGN_STYLE = Automatic;
				CURRENT_PROJECT_VERSION = 1;
				DEVELOPMENT_ASSET_PATHS = "\"stengttunnel/Preview Content\"";
				DEVELOPMENT_TEAM = XQ85U6R33U;
				ENABLE_PREVIEWS = YES;
				GENERATE_INFOPLIST_FILE = YES;
				INFOPLIST_FILE = "Stengt-tunnel-Info.plist";
				INFOPLIST_KEY_NSUserTrackingUsageDescription = "slik at Google kan vise personlig tilpasset reklame";
				INFOPLIST_KEY_UIApplicationSceneManifest_Generation = YES;
				INFOPLIST_KEY_UIApplicationSupportsIndirectInputEvents = YES;
				INFOPLIST_KEY_UILaunchScreen_Generation = YES;
				INFOPLIST_KEY_UISupportedInterfaceOrientations_iPad = "UIInterfaceOrientationPortrait UIInterfaceOrientationPortraitUpsideDown UIInterfaceOrientationLandscapeLeft UIInterfaceOrientationLandscapeRight";
				INFOPLIST_KEY_UISupportedInterfaceOrientations_iPhone = "UIInterfaceOrientationPortrait UIInterfaceOrientationLandscapeLeft UIInterfaceOrientationLandscapeRight";
				LD_RUNPATH_SEARCH_PATHS = (
					"$(inherited)",
					"@executable_path/Frameworks",
				);
				MARKETING_VERSION = 2.6;
				PRODUCT_BUNDLE_IDENTIFIER = "com.adapptic.Stengt-Tunnel";
				PRODUCT_NAME = "$(TARGET_NAME)";
				SUPPORTED_PLATFORMS = "iphoneos iphonesimulator";
				SUPPORTS_MACCATALYST = NO;
				SUPPORTS_MAC_DESIGNED_FOR_IPHONE_IPAD = YES;
				SWIFT_EMIT_LOC_STRINGS = YES;
				SWIFT_VERSION = 5.0;
				TARGETED_DEVICE_FAMILY = "1,2";
			};
			name = Debug;
		};
		B0C85D292A7A4FF3004EC4B8 /* Release */ = {
			isa = XCBuildConfiguration;
			buildSettings = {
				ALWAYS_EMBED_SWIFT_STANDARD_LIBRARIES = YES;
				ASSETCATALOG_COMPILER_APPICON_NAME = AppIcon;
				ASSETCATALOG_COMPILER_GLOBAL_ACCENT_COLOR_NAME = AccentColor;
				CODE_SIGN_STYLE = Automatic;
				CURRENT_PROJECT_VERSION = 1;
				DEVELOPMENT_ASSET_PATHS = "\"stengttunnel/Preview Content\"";
				DEVELOPMENT_TEAM = XQ85U6R33U;
				ENABLE_PREVIEWS = YES;
				GENERATE_INFOPLIST_FILE = YES;
				INFOPLIST_FILE = "Stengt-tunnel-Info.plist";
				INFOPLIST_KEY_NSUserTrackingUsageDescription = "slik at Google kan vise personlig tilpasset reklame";
				INFOPLIST_KEY_UIApplicationSceneManifest_Generation = YES;
				INFOPLIST_KEY_UIApplicationSupportsIndirectInputEvents = YES;
				INFOPLIST_KEY_UILaunchScreen_Generation = YES;
				INFOPLIST_KEY_UISupportedInterfaceOrientations_iPad = "UIInterfaceOrientationPortrait UIInterfaceOrientationPortraitUpsideDown UIInterfaceOrientationLandscapeLeft UIInterfaceOrientationLandscapeRight";
				INFOPLIST_KEY_UISupportedInterfaceOrientations_iPhone = "UIInterfaceOrientationPortrait UIInterfaceOrientationLandscapeLeft UIInterfaceOrientationLandscapeRight";
				LD_RUNPATH_SEARCH_PATHS = (
					"$(inherited)",
					"@executable_path/Frameworks",
				);
				MARKETING_VERSION = 2.6;
				PRODUCT_BUNDLE_IDENTIFIER = "com.adapptic.Stengt-Tunnel";
				PRODUCT_NAME = "$(TARGET_NAME)";
				SUPPORTED_PLATFORMS = "iphoneos iphonesimulator";
				SUPPORTS_MACCATALYST = NO;
				SUPPORTS_MAC_DESIGNED_FOR_IPHONE_IPAD = YES;
				SWIFT_EMIT_LOC_STRINGS = YES;
				SWIFT_VERSION = 5.0;
				TARGETED_DEVICE_FAMILY = "1,2";
			};
			name = Release;
		};
/* End XCBuildConfiguration section */

/* Begin XCConfigurationList section */
		B0C85CFE2A7A4FF1004EC4B8 /* Build configuration list for PBXProject "Stengttunnel" */ = {
			isa = XCConfigurationList;
			buildConfigurations = (
				B0C85D252A7A4FF3004EC4B8 /* Debug */,
				B0C85D262A7A4FF3004EC4B8 /* Release */,
			);
			defaultConfigurationIsVisible = 0;
			defaultConfigurationName = Release;
		};
		B0C85D272A7A4FF3004EC4B8 /* Build configuration list for PBXNativeTarget "Stengt tunnel" */ = {
			isa = XCConfigurationList;
			buildConfigurations = (
				B0C85D282A7A4FF3004EC4B8 /* Debug */,
				B0C85D292A7A4FF3004EC4B8 /* Release */,
			);
			defaultConfigurationIsVisible = 0;
			defaultConfigurationName = Release;
		};
/* End XCConfigurationList section */

/* Begin XCRemoteSwiftPackageReference section */
		B02C30A02C60DF77001098B7 /* XCRemoteSwiftPackageReference "swift-package-manager-google-mobile-ads" */ = {
			isa = XCRemoteSwiftPackageReference;
			repositoryURL = "https://github.com/googleads/swift-package-manager-google-mobile-ads";
			requirement = {
				kind = upToNextMinorVersion;
				minimumVersion = 11.5.0;
			};
		};
		B044C9702C615D2B007846BF /* XCRemoteSwiftPackageReference "TPInAppReceipt" */ = {
			isa = XCRemoteSwiftPackageReference;
			repositoryURL = "https://github.com/tikhop/TPInAppReceipt";
			requirement = {
				kind = upToNextMajorVersion;
				minimumVersion = 3.4.1;
			};
		};
/* End XCRemoteSwiftPackageReference section */

/* Begin XCSwiftPackageProductDependency section */
		B02C30A12C60DF77001098B7 /* GoogleMobileAds */ = {
			isa = XCSwiftPackageProductDependency;
			package = B02C30A02C60DF77001098B7 /* XCRemoteSwiftPackageReference "swift-package-manager-google-mobile-ads" */;
			productName = GoogleMobileAds;
		};
		B044C9712C615D2B007846BF /* TPInAppReceipt */ = {
			isa = XCSwiftPackageProductDependency;
			package = B044C9702C615D2B007846BF /* XCRemoteSwiftPackageReference "TPInAppReceipt" */;
			productName = TPInAppReceipt;
		};
/* End XCSwiftPackageProductDependency section */
	};
	rootObject = B0C85CFB2A7A4FF1004EC4B8 /* Project object */;
}
