{
  "originHash" : "a0e7c8e02f923b679180e347f7fdac90c95fc27903ff96ecee91f17a7815ce78",
  "pins" : [
    {
      "identity" : "swift-package-manager-google-mobile-ads",
      "kind" : "remoteSourceControl",
      "location" : "https://github.com/googleads/swift-package-manager-google-mobile-ads",
      "state" : {
        "revision" : "746253bf8803826e4de14c9e619739733ea8fb3b",
        "version" : "11.5.0"
      }
    },
    {
      "identity" : "swift-package-manager-google-user-messaging-platform",
      "kind" : "remoteSourceControl",
      "location" : "https://github.com/googleads/swift-package-manager-google-user-messaging-platform.git",
      "state" : {
        "revision" : "459949af1286c12487a6efd76f00f3e9d951c9ba",
        "version" : "2.5.0"
      }
    }
  ],
  "version" : 3
}
